{
  "name": "github",
  "version": "1.0.0",
  "lockfileVersion": 2,
  "requires": true,
  "packages": {
    "": {
      "name": "github",
      "version": "1.0.0",
      "license": "ISC",
      "dependencies": {
        "@jverneaut/config": "^0.0.1",
        "prettier": "^2.8.4"
      }
    },
    "node_modules/@jverneaut/config": {
      "version": "0.0.1",
      "resolved": "https://registry.npmjs.org/@jverneaut/config/-/config-0.0.1.tgz",
      "integrity": "sha512-6+tkC3vXK2LuvzpGEsJ9vkyNnKehB1O8NZfIQkev8MdTo9WwE/QNMuubw8D25xILpHAKuJKCN1DeQ2HUvInvPw==",
      "dependencies": {
        "prettier": "^2.7.1"
      }
    },
    "node_modules/prettier": {
      "version": "2.8.4",
      "resolved": "https://registry.npmjs.org/prettier/-/prettier-2.8.4.tgz",
      "integrity": "sha512-vIS4Rlc2FNh0BySk3Wkd6xmwxB0FpOndW5fisM5H8hsZSxU2VWVB5CWIkIjWvrHjIhxk2g3bfMKM87zNTrZddw==",
      "bin": {
        "prettier": "bin-prettier.js"
      },
      "engines": {
        "node": ">=10.13.0"
      },
      "funding": {
        "url": "https://github.com/prettier/prettier?sponsor=1"
      }
    }
  },
  "dependencies": {
    "@jverneaut/config": {
      "version": "0.0.1",
      "resolved": "https://registry.npmjs.org/@jverneaut/config/-/config-0.0.1.tgz",
      "integrity": "sha512-6+tkC3vXK2LuvzpGEsJ9vkyNnKehB1O8NZfIQkev8MdTo9WwE/QNMuubw8D25xILpHAKuJKCN1DeQ2HUvInvPw==",
      "requires": {
        "prettier": "^2.7.1"
      }
    },
    "prettier": {
      "version": "2.8.4",
      "resolved": "https://registry.npmjs.org/prettier/-/prettier-2.8.4.tgz",
      "integrity": "sha512-vIS4Rlc2FNh0BySk3Wkd6xmwxB0FpOndW5fisM5H8hsZSxU2VWVB5CWIkIjWvrHjIhxk2g3bfMKM87zNTrZddw=="
    }
  }
}
